{
  "name": "quartz-tag-cloud-page",
  "version": "0.1.0",
  "lockfileVersion": 3,
  "requires": true,
  "packages": {
    "": {
      "name": "quartz-tag-cloud-page",
      "version": "0.1.0",
      "dependencies": {
        "wordcloud": "^1.2.2"
      },
      "peerDependencies": {
        "preact": "^10.0.0"
      }
    },
    "node_modules/preact": {
      "version": "10.29.1",
      "resolved": "https://registry.npmmirror.com/preact/-/preact-10.29.1.tgz",
      "integrity": "sha512-gQCLc/vWroE8lIpleXtdJhTFDogTdZG9AjMUpVkDf2iTCNwYNWA+u16dL41TqUDJO4gm2IgrcMv3uTpjd4Pwmg==",
      "license": "MIT",
      "peer": true,
      "funding": {
        "type": "opencollective",
        "url": "https://opencollective.com/preact"
      }
    },
    "node_modules/wordcloud": {
      "version": "1.2.3",
      "resolved": "https://registry.npmmirror.com/wordcloud/-/wordcloud-1.2.3.tgz",
      "integrity": "sha512-9by77b7Sd9e1K75kSmVeAD+JnGpiLR1Z4EX1mYQL91jKrU1/4bHw4h4DExQ+dzfT+PvihDcH7OS7V4Y5UkbF2w==",
      "license": "MIT"
    }
  }
}
